
Microsoft Visual Studio Solution File, Format Version 12.00
# Visual Studio Version 17
VisualStudioVersion = 17.8.34316.72
MinimumVisualStudioVersion = 10.0.40219.1
Project("{FAE04EC0-301F-11D3-BF4B-00C04F79EFBC}") = "BossFight", "BossFight\BossFight.csproj", "{7A66227E-9D90-44EE-8C46-2F2112F7942C}"
EndProject
Global
	GlobalSection(SolutionConfigurationPlatforms) = preSolution
		Debug|Any CPU = Debug|Any CPU
		Release|Any CPU = Release|Any CPU
	EndGlobalSection
	GlobalSection(ProjectConfigurationPlatforms) = postSolution
		{7A66227E-9D90-44EE-8C46-2F2112F7942C}.Debug|Any CPU.ActiveCfg = Debug|Any CPU
		{7A66227E-9D90-44EE-8C46-2F2112F7942C}.Debug|Any CPU.Build.0 = Debug|Any CPU
		{7A66227E-9D90-44EE-8C46-2F2112F7942C}.Release|Any CPU.ActiveCfg = Release|Any CPU
		{7A66227E-9D90-44EE-8C46-2F2112F7942C}.Release|Any CPU.Build.0 = Release|Any CPU
	EndGlobalSection
	GlobalSection(SolutionProperties) = preSolution
		HideSolutionNode = FALSE
	EndGlobalSection
	GlobalSection(ExtensibilityGlobals) = postSolution
		SolutionGuid = {C4080B74-D239-4F86-879A-D5BDF272D412}
	EndGlobalSection
EndGlobal
